<?xml version="1.0" encoding="utf-8"?>
<Project ToolsVersion="4.0" xmlns="http://schemas.microsoft.com/developer/msbuild/2003">
  <ItemGroup>
    <ClCompile Include="Bullet.cpp">
      <Filter>CPP Files</Filter>
    </ClCompile>
    <ClCompile Include="Entity.cpp">
      <Filter>CPP Files</Filter>
    </ClCompile>
    <ClCompile Include="game.cpp">
      <Filter>CPP Files</Filter>
    </ClCompile>
    <ClCompile Include="graphics.cpp">
      <Filter>CPP Files</Filter>
    </ClCompile>
    <ClCompile Include="image.cpp">
      <Filter>CPP Files</Filter>
    </ClCompile>
    <ClCompile Include="input.cpp">
      <Filter>CPP Files</Filter>
    </ClCompile>
    <ClCompile Include="player.cpp">
      <Filter>CPP Files</Filter>
    </ClCompile>
    <ClCompile Include="spacewar.cpp">
      <Filter>CPP Files</Filter>
    </ClCompile>
    <ClCompile Include="textureManager.cpp">
      <Filter>CPP Files</Filter>
    </ClCompile>
    <ClCompile Include="winmain.cpp">
      <Filter>CPP Files</Filter>
    </ClCompile>
    <ClCompile Include="zombie.cpp">
      <Filter>CPP Files</Filter>
    </ClCompile>
    <ClCompile Include="wall.cpp">
      <Filter>CPP Files</Filter>
    </ClCompile>
  </ItemGroup>
  <ItemGroup>
    <ClInclude Include="..\..\..\..\Jack%27s Computer\Source\Repos\gppassignment\GitHubSyncTesting.h" />
    <ClInclude Include="bullet.h">
      <Filter>Header Files</Filter>
    </ClInclude>
    <ClInclude Include="Entity.h">
      <Filter>Header Files</Filter>
    </ClInclude>
    <ClInclude Include="game.h">
      <Filter>Header Files</Filter>
    </ClInclude>
    <ClInclude Include="gameError.h">
      <Filter>Header Files</Filter>
    </ClInclude>
    <ClInclude Include="constants.h">
      <Filter>Header Files</Filter>
    </ClInclude>
    <ClInclude Include="graphics.h">
      <Filter>Header Files</Filter>
    </ClInclude>
    <ClInclude Include="image.h">
      <Filter>Header Files</Filter>
    </ClInclude>
    <ClInclude Include="input.h">
      <Filter>Header Files</Filter>
    </ClInclude>
    <ClInclude Include="player.h">
      <Filter>Header Files</Filter>
    </ClInclude>
    <ClInclude Include="spacewar.h">
      <Filter>Header Files</Filter>
    </ClInclude>
    <ClInclude Include="zombie.h">
      <Filter>Header Files</Filter>
    </ClInclude>
    <ClInclude Include="textureManager.h">
      <Filter>Header Files</Filter>
    </ClInclude>
    <ClInclude Include="zombie.h">
      <Filter>Header Files</Filter>
    </ClInclude>
  </ItemGroup>
  <ItemGroup>
    <ClCompile Include="textureManager.cpp">
      <Filter>Source Files</Filter>
    </ClCompile>
    <ClCompile Include="winmain.cpp">
      <Filter>Source Files</Filter>
    </ClCompile>
    <ClCompile Include="spacewar.cpp">
      <Filter>Source Files</Filter>
    </ClCompile>
    <ClCompile Include="input.cpp">
      <Filter>Source Files</Filter>
    </ClCompile>
    <ClCompile Include="image.cpp">
      <Filter>Source Files</Filter>
    </ClCompile>
    <ClCompile Include="graphics.cpp">
      <Filter>Source Files</Filter>
    </ClCompile>
    <ClCompile Include="game.cpp">
      <Filter>Source Files</Filter>
    </ClCompile>
    <ClCompile Include="Entity.cpp">
      <Filter>Source Files</Filter>
    </ClCompile>
    <ClCompile Include="player.cpp">
      <Filter>Source Files</Filter>
    </ClCompile>
    <ClCompile Include="Bullet.cpp">
      <Filter>Source Files</Filter>
    </ClCompile>
    <ClCompile Include="zombie.cpp">
      <Filter>Source Files</Filter>
    </ClCompile>
  </ItemGroup>
  <ItemGroup>
    <Image Include="pictures\orion.jpg">
      <Filter>Resource</Filter>
    </Image>
    <Image Include="pictures\planet.png">
      <Filter>Resource</Filter>
    </Image>
    <Image Include="pictures\planet_wow.png">
      <Filter>Resource</Filter>
    </Image>
    <Image Include="pictures\ship.png">
      <Filter>Resource</Filter>
    </Image>
    <Image Include="pictures\ship_wow.png">
      <Filter>Resource</Filter>
    </Image>
    <Image Include="pictures\ship2.png">
      <Filter>Resource</Filter>
    </Image>
    <Image Include="..\..\..\Desktop\wall.png">
      <Filter>Resource</Filter>
    </Image>
  </ItemGroup>
  <ItemGroup>
    <Filter Include="Header Files">
      <UniqueIdentifier>{6ba6f80c-57dc-4daf-89cc-eeced3442adc}</UniqueIdentifier>
    </Filter>
    <Filter Include="CPP Files">
      <UniqueIdentifier>{60ae1e92-efd3-4940-9905-81782e9239a3}</UniqueIdentifier>
    </Filter>
    <Filter Include="Resource">
      <UniqueIdentifier>{6f3789ff-6d9d-4a33-8f1b-17265ca42da3}</UniqueIdentifier>
    </Filter>
  </ItemGroup>
</Project>